
Microsoft Visual Studio Solution File, Format Version 12.00
# Visual Studio 14
VisualStudioVersion = 14.0.23107.0
MinimumVisualStudioVersion = 10.0.40219.1
Project("{FAE04EC0-301F-11D3-BF4B-00C04F79EFBC}") = "SecureNote", "SecureNote\SecureNote.csproj", "{242C740B-B0E5-443E-9EC1-809D6DCEE9B0}"
EndProject
Project("{FAE04EC0-301F-11D3-BF4B-00C04F79EFBC}") = "Server", "Server\Server.csproj", "{881007E1-60EA-4DEC-AE0F-5FCFFE984D0A}"
EndProject
Project("{FAE04EC0-301F-11D3-BF4B-00C04F79EFBC}") = "Common", "Common\Common.csproj", "{C2EEA557-E05A-48B3-A6B0-8622555FD8CB}"
EndProject
Global
	GlobalSection(SolutionConfigurationPlatforms) = preSolution
		Debug|Any CPU = Debug|Any CPU
		Release|Any CPU = Release|Any CPU
	EndGlobalSection
	GlobalSection(ProjectConfigurationPlatforms) = postSolution
		{242C740B-B0E5-443E-9EC1-809D6DCEE9B0}.Debug|Any CPU.ActiveCfg = Debug|Any CPU
		{242C740B-B0E5-443E-9EC1-809D6DCEE9B0}.Debug|Any CPU.Build.0 = Debug|Any CPU
		{242C740B-B0E5-443E-9EC1-809D6DCEE9B0}.Release|Any CPU.ActiveCfg = Release|Any CPU
		{242C740B-B0E5-443E-9EC1-809D6DCEE9B0}.Release|Any CPU.Build.0 = Release|Any CPU
		{881007E1-60EA-4DEC-AE0F-5FCFFE984D0A}.Debug|Any CPU.ActiveCfg = Debug|Any CPU
		{881007E1-60EA-4DEC-AE0F-5FCFFE984D0A}.Debug|Any CPU.Build.0 = Debug|Any CPU
		{881007E1-60EA-4DEC-AE0F-5FCFFE984D0A}.Release|Any CPU.ActiveCfg = Release|Any CPU
		{881007E1-60EA-4DEC-AE0F-5FCFFE984D0A}.Release|Any CPU.Build.0 = Release|Any CPU
		{C2EEA557-E05A-48B3-A6B0-8622555FD8CB}.Debug|Any CPU.ActiveCfg = Debug|Any CPU
		{C2EEA557-E05A-48B3-A6B0-8622555FD8CB}.Debug|Any CPU.Build.0 = Debug|Any CPU
		{C2EEA557-E05A-48B3-A6B0-8622555FD8CB}.Release|Any CPU.ActiveCfg = Release|Any CPU
		{C2EEA557-E05A-48B3-A6B0-8622555FD8CB}.Release|Any CPU.Build.0 = Release|Any CPU
	EndGlobalSection
	GlobalSection(SolutionProperties) = preSolution
		HideSolutionNode = FALSE
	EndGlobalSection
EndGlobal
